
Microsoft Visual Studio Solution File, Format Version 12.00
# Visual Studio Version 17
VisualStudioVersion = 17.8.34004.107
MinimumVisualStudioVersion = 10.0.40219.1
Project("{FAE04EC0-301F-11D3-BF4B-00C04F79EFBC}") = "Module03HM", "Module03HM\Module03HM.csproj", "{07E3CC72-657D-417A-A8CE-CFC93C1E9E19}"
EndProject
Global
	GlobalSection(SolutionConfigurationPlatforms) = preSolution
		Debug|Any CPU = Debug|Any CPU
		Release|Any CPU = Release|Any CPU
	EndGlobalSection
	GlobalSection(ProjectConfigurationPlatforms) = postSolution
		{07E3CC72-657D-417A-A8CE-CFC93C1E9E19}.Debug|Any CPU.ActiveCfg = Debug|Any CPU
		{07E3CC72-657D-417A-A8CE-CFC93C1E9E19}.Debug|Any CPU.Build.0 = Debug|Any CPU
		{07E3CC72-657D-417A-A8CE-CFC93C1E9E19}.Release|Any CPU.ActiveCfg = Release|Any CPU
		{07E3CC72-657D-417A-A8CE-CFC93C1E9E19}.Release|Any CPU.Build.0 = Release|Any CPU
	EndGlobalSection
	GlobalSection(SolutionProperties) = preSolution
		HideSolutionNode = FALSE
	EndGlobalSection
	GlobalSection(ExtensibilityGlobals) = postSolution
		SolutionGuid = {037DE482-2FA6-4765-949C-11FA811A34CC}
	EndGlobalSection
EndGlobal
